
Microsoft Visual Studio Solution File, Format Version 12.00
# Visual Studio Version 17
VisualStudioVersion = 17.5.33627.172
MinimumVisualStudioVersion = 10.0.40219.1
Project("{9A19103F-16F7-4668-BE54-9A1E7A4F7556}") = "PizzaOnline", "PizzaOnline\PizzaOnline.csproj", "{C6F58FDC-95CE-4250-A4BD-51A690CF7569}"
EndProject
Project("{FAE04EC0-301F-11D3-BF4B-00C04F79EFBC}") = "PizzaOnline.Tests", "PizzaOnline.Tests\PizzaOnline.Tests.csproj", "{B44DB54B-93D1-41ED-B731-E9F6125CC43D}"
EndProject
Global
	GlobalSection(SolutionConfigurationPlatforms) = preSolution
		Debug|Any CPU = Debug|Any CPU
		Release|Any CPU = Release|Any CPU
	EndGlobalSection
	GlobalSection(ProjectConfigurationPlatforms) = postSolution
		{C6F58FDC-95CE-4250-A4BD-51A690CF7569}.Debug|Any CPU.ActiveCfg = Debug|Any CPU
		{C6F58FDC-95CE-4250-A4BD-51A690CF7569}.Debug|Any CPU.Build.0 = Debug|Any CPU
		{C6F58FDC-95CE-4250-A4BD-51A690CF7569}.Release|Any CPU.ActiveCfg = Release|Any CPU
		{C6F58FDC-95CE-4250-A4BD-51A690CF7569}.Release|Any CPU.Build.0 = Release|Any CPU
		{B44DB54B-93D1-41ED-B731-E9F6125CC43D}.Debug|Any CPU.ActiveCfg = Debug|Any CPU
		{B44DB54B-93D1-41ED-B731-E9F6125CC43D}.Debug|Any CPU.Build.0 = Debug|Any CPU
		{B44DB54B-93D1-41ED-B731-E9F6125CC43D}.Release|Any CPU.ActiveCfg = Release|Any CPU
		{B44DB54B-93D1-41ED-B731-E9F6125CC43D}.Release|Any CPU.Build.0 = Release|Any CPU
	EndGlobalSection
	GlobalSection(SolutionProperties) = preSolution
		HideSolutionNode = FALSE
	EndGlobalSection
	GlobalSection(ExtensibilityGlobals) = postSolution
		SolutionGuid = {45555557-6971-4979-A06F-F4FF4DD63BE9}
	EndGlobalSection
EndGlobal
